
Microsoft Visual Studio Solution File, Format Version 12.00
# Visual Studio 2012
Project("{FAE04EC0-301F-11D3-BF4B-00C04F79EFBC}") = "TSP", "TSP\TSP.csproj", "{AA278216-13F6-43D5-BAF3-722C0BF80664}"
EndProject
Project("{FAE04EC0-301F-11D3-BF4B-00C04F79EFBC}") = "VisualizeGraphs", "VisualizeGraphs\VisualizeGraphs.csproj", "{13240DCE-FAAB-4A02-8AD1-8A996E876FF2}"
EndProject
Project("{FAE04EC0-301F-11D3-BF4B-00C04F79EFBC}") = "TSPTests", "TSPTests\TSPTests.csproj", "{1DF123FA-4328-4E6A-B357-2034A4F87D88}"
EndProject
Global
	GlobalSection(SolutionConfigurationPlatforms) = preSolution
		Debug|Any CPU = Debug|Any CPU
		Release|Any CPU = Release|Any CPU
	EndGlobalSection
	GlobalSection(ProjectConfigurationPlatforms) = postSolution
		{AA278216-13F6-43D5-BAF3-722C0BF80664}.Debug|Any CPU.ActiveCfg = Debug|Any CPU
		{AA278216-13F6-43D5-BAF3-722C0BF80664}.Debug|Any CPU.Build.0 = Debug|Any CPU
		{AA278216-13F6-43D5-BAF3-722C0BF80664}.Release|Any CPU.ActiveCfg = Release|Any CPU
		{AA278216-13F6-43D5-BAF3-722C0BF80664}.Release|Any CPU.Build.0 = Release|Any CPU
		{13240DCE-FAAB-4A02-8AD1-8A996E876FF2}.Debug|Any CPU.ActiveCfg = Debug|Any CPU
		{13240DCE-FAAB-4A02-8AD1-8A996E876FF2}.Debug|Any CPU.Build.0 = Debug|Any CPU
		{13240DCE-FAAB-4A02-8AD1-8A996E876FF2}.Release|Any CPU.ActiveCfg = Release|Any CPU
		{13240DCE-FAAB-4A02-8AD1-8A996E876FF2}.Release|Any CPU.Build.0 = Release|Any CPU
		{1DF123FA-4328-4E6A-B357-2034A4F87D88}.Debug|Any CPU.ActiveCfg = Debug|Any CPU
		{1DF123FA-4328-4E6A-B357-2034A4F87D88}.Debug|Any CPU.Build.0 = Debug|Any CPU
		{1DF123FA-4328-4E6A-B357-2034A4F87D88}.Release|Any CPU.ActiveCfg = Release|Any CPU
		{1DF123FA-4328-4E6A-B357-2034A4F87D88}.Release|Any CPU.Build.0 = Release|Any CPU
	EndGlobalSection
	GlobalSection(SolutionProperties) = preSolution
		HideSolutionNode = FALSE
	EndGlobalSection
EndGlobal
